PODS:
  - IrohaCrypto (0.9.1):
    - IrohaCrypto/BIP39 (= 0.9.1)
    - IrohaCrypto/blake2 (= 0.9.1)
    - IrohaCrypto/Common (= 0.9.1)
    - IrohaCrypto/ed25519 (= 0.9.1)
    - IrohaCrypto/Iroha (= 0.9.1)
    - IrohaCrypto/Scrypt (= 0.9.1)
    - IrohaCrypto/secp256k1 (= 0.9.1)
    - IrohaCrypto/sr25519 (= 0.9.1)
    - IrohaCrypto/ss58 (= 0.9.1)
  - IrohaCrypto/BIP39 (0.9.1):
    - IrohaCrypto/Common
  - IrohaCrypto/blake2 (0.9.1)
  - IrohaCrypto/Common (0.9.1)
  - IrohaCrypto/ed25519 (0.9.1):
    - IrohaCrypto/Common
  - IrohaCrypto/Iroha (0.9.1):
    - IrohaCrypto/Common
  - IrohaCrypto/Scrypt (0.9.1):
    - IrohaCrypto/Common
    - scrypt.c (~> 0.1)
  - IrohaCrypto/secp256k1 (0.9.1):
    - IrohaCrypto/Common
    - secp256k1.c (~> 0.1)
  - IrohaCrypto/sr25519 (0.9.1):
    - IrohaCrypto/BIP39
    - IrohaCrypto/blake2
    - IrohaCrypto/Common
  - IrohaCrypto/ss58 (0.9.1):
    - IrohaCrypto/blake2
    - IrohaCrypto/Common
  - scrypt.c (0.1.1)
  - secp256k1.c (0.1.3)

DEPENDENCIES:
  - IrohaCrypto (from `../`)
  - secp256k1.c (from `https://github.com/novasamatech/secp256k1.c`, tag `0.1.3`)

SPEC REPOS:
  trunk:
    - scrypt.c

EXTERNAL SOURCES:
  IrohaCrypto:
    :path: "../"
  secp256k1.c:
    :git: https://github.com/novasamatech/secp256k1.c
    :tag: 0.1.3

CHECKOUT OPTIONS:
  secp256k1.c:
    :git: https://github.com/novasamatech/secp256k1.c
    :tag: 0.1.3

SPEC CHECKSUMS:
  IrohaCrypto: b53a7f16c839a1a76936402ffe35f496eaa8cbb0
  scrypt.c: b42ae06183251329d2b2c620c226fb541a4a3592
  secp256k1.c: 9df12a79da0a6735022c5d996d2df6a6e57e1d99

PODFILE CHECKSUM: f391d2b07fc19bc2c9026f747fb2b82ac803b008

COCOAPODS: 1.15.2
